# This file is automatically @generated by Cargo.
# It is not intended for manual editing.
version = 4

[[package]]
name = "behave-contain"
version = "0.1.0"
dependencies = [
 "firelab-base",
]

[[package]]
name = "behave-crown"
version = "0.1.0"
dependencies = [
 "behave-surface",
 "firelab-base",
]

[[package]]
name = "behave-ignite"
version = "0.1.0"
dependencies = [
 "firelab-base",
]

[[package]]
name = "behave-mortality"
version = "0.1.0"
dependencies = [
 "firelab-base",
]

[[package]]
name = "behave-run"
version = "0.1.0"
dependencies = [
 "behave-contain",
 "behave-crown",
 "behave-ignite",
 "behave-mortality",
 "behave-spot",
 "behave-surface",
 "behave-weather",
 "firelab-base",
]

[[package]]
name = "behave-spot"
version = "0.1.0"
dependencies = [
 "behave-crown",
 "behave-surface",
 "firelab-base",
]

[[package]]
name = "behave-surface"
version = "0.1.0"
dependencies = [
 "firelab-base",
]

[[package]]
name = "behave-weather"
version = "0.1.0"
dependencies = [
 "firelab-base",
]

[[package]]
name = "firelab-base"
version = "0.1.0"
